
Microsoft Visual Studio Solution File, Format Version 12.00
# Visual Studio 15
VisualStudioVersion = 15.0.27130.2003
MinimumVisualStudioVersion = 10.0.40219.1
Project("{E24C65DC-7377-472B-9ABA-BC803B73C61A}") = "JetProject", "JetProject\", "{97A0F62C-1792-465E-927E-7C2E397AEE2B}"
	ProjectSection(WebsiteProperties) = preProject
		TargetFrameworkMoniker = ".NETFramework,Version%3Dv4.6.1"
		Debug.AspNetCompiler.VirtualPath = "/localhost_54878"
		Debug.AspNetCompiler.PhysicalPath = "JetProject\"
		Debug.AspNetCompiler.TargetPath = "PrecompiledWeb\localhost_54878\"
		Debug.AspNetCompiler.Updateable = "true"
		Debug.AspNetCompiler.ForceOverwrite = "true"
		Debug.AspNetCompiler.FixedNames = "false"
		Debug.AspNetCompiler.Debug = "True"
		Release.AspNetCompiler.VirtualPath = "/localhost_54878"
		Release.AspNetCompiler.PhysicalPath = "JetProject\"
		Release.AspNetCompiler.TargetPath = "PrecompiledWeb\localhost_54878\"
		Release.AspNetCompiler.Updateable = "true"
		Release.AspNetCompiler.ForceOverwrite = "true"
		Release.AspNetCompiler.FixedNames = "false"
		Release.AspNetCompiler.Debug = "False"
		VWDPort = "54878"
		SlnRelativePath = "JetProject\"
		DefaultWebSiteLanguage = "Visual C#"
	EndProjectSection
EndProject
Global
	GlobalSection(SolutionConfigurationPlatforms) = preSolution
		Debug|Any CPU = Debug|Any CPU
	EndGlobalSection
	GlobalSection(ProjectConfigurationPlatforms) = postSolution
		{97A0F62C-1792-465E-927E-7C2E397AEE2B}.Debug|Any CPU.ActiveCfg = Debug|Any CPU
		{97A0F62C-1792-465E-927E-7C2E397AEE2B}.Debug|Any CPU.Build.0 = Debug|Any CPU
	EndGlobalSection
	GlobalSection(SolutionProperties) = preSolution
		HideSolutionNode = FALSE
	EndGlobalSection
	GlobalSection(ExtensibilityGlobals) = postSolution
		SolutionGuid = {BFF8578A-C791-4398-91AC-6AD618319D8E}
	EndGlobalSection
EndGlobal
